# This file is automatically @generated by Cargo.
# It is not intended for manual editing.
[[package]]
name = "default_allocator"
version = "0.3.0"
source = "registry+https://github.com/rust-lang/crates.io-index"
checksum = "1008954db5c525beb38a3ae4c3c6f248eb9ae82f94150056f00226ac0ec1f322"
dependencies = [
 "loca",
]

[[package]]
name = "homework2"
version = "0.1.0"
dependencies = [
 "default_allocator",
]

[[package]]
name = "loca"
version = "0.7.2"
source = "registry+https://github.com/rust-lang/crates.io-index"
checksum = "fdca6bdcb546abcc0129d410dc98be5decc32205ef3825dd2b5fb40e271b62f5"
dependencies = [
 "ptr",
]

[[package]]
name = "ptr"
version = "0.2.2"
source = "registry+https://github.com/rust-lang/crates.io-index"
checksum = "1e62a0d2f1aadf72b3634a23fc32b3e21094876c7208ac64da47c8871b04d8f8"
